<?xml version="1.0" encoding="UTF-8" standalone="yes" ?>
<CodeBlocks_project_file>
	<FileVersion major="1" minor="6" />
	<Project>
		<Option title="Sophie6.1" />
		<Option pch_mode="2" />
		<Option compiler="gcc" />
		<Build>
			<Target title="Debug">
				<Option output="bin/Debug/Sophie6" prefix_auto="1" extension_auto="1" />
				<Option object_output="obj/Debug/" />
				<Option type="1" />
				<Option compiler="gcc" />
				<Compiler>
					<Add option="-g" />
					<Add directory="include" />
				</Compiler>
			</Target>
			<Target title="Release">
				<Option output="bin/Release/Baby6" prefix_auto="1" extension_auto="1" />
				<Option object_output="obj/Release/" />
				<Option type="1" />
				<Option compiler="gcc" />
				<Compiler>
					<Add option="-O2" />
					<Add directory="include" />
				</Compiler>
				<Linker>
					<Add option="-s" />
				</Linker>
			</Target>
		</Build>
		<Compiler>
			<Add option="-Wall" />
			<Add option="-fexceptions" />
		</Compiler>
		<Unit filename="Library.cpp" />
		<Unit filename="include/Library.h" />
		<Unit filename="include/c2_Sentence.h" />
		<Unit filename="include/c_Brain.h" />
		<Unit filename="include/c_Cerebellum.h" />
		<Unit filename="include/c_Cortex.h" />
		<Unit filename="include/c_Language.h" />
		<Unit filename="include/c_Lobes.h" />
		<Unit filename="include/c_LongTermMemory.h" />
		<Unit filename="include/c_Medulla.h" />
		<Unit filename="include/c_MemoryCell.h" />
		<Unit filename="include/c_PTL.h" />
		<Unit filename="include/c_Personality.h" />
		<Unit filename="include/c_Sentence.h" />
		<Unit filename="include/c_ShortTermMemory.h" />
		<Unit filename="include/c_SubjectData.h" />
		<Unit filename="include/c_SubjectStack.h" />
		<Unit filename="include/c_Word.h" />
		<Unit filename="main.cpp" />
		<Unit filename="src/c2_Sentence.cpp" />
		<Unit filename="src/c_Brain.cpp" />
		<Unit filename="src/c_Cerebellum.cpp" />
		<Unit filename="src/c_Cortex.cpp" />
		<Unit filename="src/c_Language.cpp" />
		<Unit filename="src/c_Lobes.cpp" />
		<Unit filename="src/c_LongTermMemory.cpp" />
		<Unit filename="src/c_Medulla.cpp" />
		<Unit filename="src/c_MemoryCell.cpp" />
		<Unit filename="src/c_PTL.cpp" />
		<Unit filename="src/c_Personality.cpp" />
		<Unit filename="src/c_Sentence.cpp" />
		<Unit filename="src/c_ShortTermMemory.cpp" />
		<Unit filename="src/c_SubjectData.cpp" />
		<Unit filename="src/c_SubjectStack.cpp" />
		<Unit filename="src/c_Word.cpp" />
		<Extensions>
			<code_completion />
			<envvars />
			<debugger />
			<lib_finder disable_auto="1" />
		</Extensions>
	</Project>
</CodeBlocks_project_file>
